
Microsoft Visual Studio Solution File, Format Version 12.00
# Visual Studio Version 17
VisualStudioVersion = 17.8.34322.80
MinimumVisualStudioVersion = 10.0.40219.1
Project("{FAE04EC0-301F-11D3-BF4B-00C04F79EFBC}") = "FileConverter.Api", "FileConverter.Api\FileConverter.Api.csproj", "{9BD34120-5FF3-4100-BBE1-5280DFEE2EB2}"
EndProject
Project("{FAE04EC0-301F-11D3-BF4B-00C04F79EFBC}") = "FileConverter.DataLayer", "FileConverter.DataLayer\FileConverter.DataLayer.csproj", "{59407690-51EC-455C-BB18-874DF841BF10}"
EndProject
Project("{FAE04EC0-301F-11D3-BF4B-00C04F79EFBC}") = "FileConverter.Bll", "FileConverter.Bll\FileConverter.Bll.csproj", "{81783FC0-0329-46EA-9F24-69058ED76FCD}"
EndProject
Global
	GlobalSection(SolutionConfigurationPlatforms) = preSolution
		Debug|Any CPU = Debug|Any CPU
		Release|Any CPU = Release|Any CPU
	EndGlobalSection
	GlobalSection(ProjectConfigurationPlatforms) = postSolution
		{9BD34120-5FF3-4100-BBE1-5280DFEE2EB2}.Debug|Any CPU.ActiveCfg = Debug|Any CPU
		{9BD34120-5FF3-4100-BBE1-5280DFEE2EB2}.Debug|Any CPU.Build.0 = Debug|Any CPU
		{9BD34120-5FF3-4100-BBE1-5280DFEE2EB2}.Release|Any CPU.ActiveCfg = Release|Any CPU
		{9BD34120-5FF3-4100-BBE1-5280DFEE2EB2}.Release|Any CPU.Build.0 = Release|Any CPU
		{59407690-51EC-455C-BB18-874DF841BF10}.Debug|Any CPU.ActiveCfg = Debug|Any CPU
		{59407690-51EC-455C-BB18-874DF841BF10}.Debug|Any CPU.Build.0 = Debug|Any CPU
		{59407690-51EC-455C-BB18-874DF841BF10}.Release|Any CPU.ActiveCfg = Release|Any CPU
		{59407690-51EC-455C-BB18-874DF841BF10}.Release|Any CPU.Build.0 = Release|Any CPU
		{81783FC0-0329-46EA-9F24-69058ED76FCD}.Debug|Any CPU.ActiveCfg = Debug|Any CPU
		{81783FC0-0329-46EA-9F24-69058ED76FCD}.Debug|Any CPU.Build.0 = Debug|Any CPU
		{81783FC0-0329-46EA-9F24-69058ED76FCD}.Release|Any CPU.ActiveCfg = Release|Any CPU
		{81783FC0-0329-46EA-9F24-69058ED76FCD}.Release|Any CPU.Build.0 = Release|Any CPU
	EndGlobalSection
	GlobalSection(SolutionProperties) = preSolution
		HideSolutionNode = FALSE
	EndGlobalSection
	GlobalSection(ExtensibilityGlobals) = postSolution
		SolutionGuid = {EC58A679-2D80-4DE8-B965-D3839D359826}
	EndGlobalSection
EndGlobal
